
Microsoft Visual Studio Solution File, Format Version 12.00
# Visual Studio Version 16
VisualStudioVersion = 16.0.29411.138
MinimumVisualStudioVersion = 10.0.40219.1
Project("{9A19103F-16F7-4668-BE54-9A1E7A4F7556}") = "System.Text.Json.NodaTime", "System.Text.Json.NodaTime\System.Text.Json.NodaTime.csproj", "{DEF40B5D-006F-499A-8571-633DF9EE9FCB}"
EndProject
Project("{9A19103F-16F7-4668-BE54-9A1E7A4F7556}") = "System.Text.Json.NodaTime.Tests", "System.Text.Json.NodaTime.Tests\System.Text.Json.NodaTime.Tests.csproj", "{7EF7AEDA-622E-4F8D-8755-CF87AF12C661}"
EndProject
Project("{FAE04EC0-301F-11D3-BF4B-00C04F79EFBC}") = "Benchmarks", "Benchmarks\Benchmarks.csproj", "{FDBE95C4-037B-4698-8AE9-D733C503E15A}"
EndProject
Global
	GlobalSection(SolutionConfigurationPlatforms) = preSolution
		Debug|Any CPU = Debug|Any CPU
		Release|Any CPU = Release|Any CPU
	EndGlobalSection
	GlobalSection(ProjectConfigurationPlatforms) = postSolution
		{DEF40B5D-006F-499A-8571-633DF9EE9FCB}.Debug|Any CPU.ActiveCfg = Debug|Any CPU
		{DEF40B5D-006F-499A-8571-633DF9EE9FCB}.Debug|Any CPU.Build.0 = Debug|Any CPU
		{DEF40B5D-006F-499A-8571-633DF9EE9FCB}.Release|Any CPU.ActiveCfg = Release|Any CPU
		{DEF40B5D-006F-499A-8571-633DF9EE9FCB}.Release|Any CPU.Build.0 = Release|Any CPU
		{7EF7AEDA-622E-4F8D-8755-CF87AF12C661}.Debug|Any CPU.ActiveCfg = Debug|Any CPU
		{7EF7AEDA-622E-4F8D-8755-CF87AF12C661}.Debug|Any CPU.Build.0 = Debug|Any CPU
		{7EF7AEDA-622E-4F8D-8755-CF87AF12C661}.Release|Any CPU.ActiveCfg = Release|Any CPU
		{7EF7AEDA-622E-4F8D-8755-CF87AF12C661}.Release|Any CPU.Build.0 = Release|Any CPU
		{FDBE95C4-037B-4698-8AE9-D733C503E15A}.Debug|Any CPU.ActiveCfg = Debug|Any CPU
		{FDBE95C4-037B-4698-8AE9-D733C503E15A}.Debug|Any CPU.Build.0 = Debug|Any CPU
		{FDBE95C4-037B-4698-8AE9-D733C503E15A}.Release|Any CPU.ActiveCfg = Release|Any CPU
		{FDBE95C4-037B-4698-8AE9-D733C503E15A}.Release|Any CPU.Build.0 = Release|Any CPU
	EndGlobalSection
	GlobalSection(SolutionProperties) = preSolution
		HideSolutionNode = FALSE
	EndGlobalSection
	GlobalSection(ExtensibilityGlobals) = postSolution
		SolutionGuid = {96F9119A-0CE8-4DEE-AEEC-6354CF27CC38}
	EndGlobalSection
EndGlobal
